
Microsoft Visual Studio Solution File, Format Version 12.00
# Visual Studio Version 17
VisualStudioVersion = 17.4.33122.133
MinimumVisualStudioVersion = 10.0.40219.1
Project("{FAE04EC0-301F-11D3-BF4B-00C04F79EFBC}") = "Exam", "Exam\Exam.csproj", "{28AD35C2-348D-40F1-B3F0-36CAE9EF8D6A}"
EndProject
Global
	GlobalSection(SolutionConfigurationPlatforms) = preSolution
		Debug|Any CPU = Debug|Any CPU
		Release|Any CPU = Release|Any CPU
	EndGlobalSection
	GlobalSection(ProjectConfigurationPlatforms) = postSolution
		{28AD35C2-348D-40F1-B3F0-36CAE9EF8D6A}.Debug|Any CPU.ActiveCfg = Debug|Any CPU
		{28AD35C2-348D-40F1-B3F0-36CAE9EF8D6A}.Debug|Any CPU.Build.0 = Debug|Any CPU
		{28AD35C2-348D-40F1-B3F0-36CAE9EF8D6A}.Release|Any CPU.ActiveCfg = Release|Any CPU
		{28AD35C2-348D-40F1-B3F0-36CAE9EF8D6A}.Release|Any CPU.Build.0 = Release|Any CPU
	EndGlobalSection
	GlobalSection(SolutionProperties) = preSolution
		HideSolutionNode = FALSE
	EndGlobalSection
	GlobalSection(ExtensibilityGlobals) = postSolution
		SolutionGuid = {831D997B-74EE-4278-AC3A-85A6CA9C8532}
	EndGlobalSection
EndGlobal
